
Microsoft Visual Studio Solution File, Format Version 12.00
# Visual Studio Version 17
VisualStudioVersion = 17.8.34330.188
MinimumVisualStudioVersion = 10.0.40219.1
Project("{8BC9CEB8-8B4A-11D0-8D11-00A0C91BC942}") = "Arrays", "Arrays\Arrays.vcxproj", "{5713BC7E-EEC1-4CF0-A0D5-7D8382194F12}"
EndProject
Project("{8BC9CEB8-8B4A-11D0-8D11-00A0C91BC942}") = "Shift", "Shift\Shift.vcxproj", "{4A1077D4-3682-422F-AA80-08AC7083BFE8}"
EndProject
Project("{8BC9CEB8-8B4A-11D0-8D11-00A0C91BC942}") = "Binary", "Binary\Binary.vcxproj", "{6BC27984-871C-49E2-89BB-0E111E15EE1C}"
EndProject
Project("{8BC9CEB8-8B4A-11D0-8D11-00A0C91BC942}") = "Numerics", "Numerics\Numerics.vcxproj", "{3BC116B7-1E43-452A-A1CD-0E8A07CE5C8F}"
EndProject
Project("{8BC9CEB8-8B4A-11D0-8D11-00A0C91BC942}") = "Random", "Random\Random.vcxproj", "{9E99597F-CC63-4CCE-B4E0-766F42A62B21}"
EndProject
Project("{8BC9CEB8-8B4A-11D0-8D11-00A0C91BC942}") = "Unique", "Unique\Unique.vcxproj", "{92AB37DD-0AD7-45E4-87BB-D1DDEFFD89C0}"
EndProject
Global
	GlobalSection(SolutionConfigurationPlatforms) = preSolution
		Debug|x64 = Debug|x64
		Debug|x86 = Debug|x86
		Release|x64 = Release|x64
		Release|x86 = Release|x86
	EndGlobalSection
	GlobalSection(ProjectConfigurationPlatforms) = postSolution
		{5713BC7E-EEC1-4CF0-A0D5-7D8382194F12}.Debug|x64.ActiveCfg = Debug|x64
		{5713BC7E-EEC1-4CF0-A0D5-7D8382194F12}.Debug|x64.Build.0 = Debug|x64
		{5713BC7E-EEC1-4CF0-A0D5-7D8382194F12}.Debug|x86.ActiveCfg = Debug|Win32
		{5713BC7E-EEC1-4CF0-A0D5-7D8382194F12}.Debug|x86.Build.0 = Debug|Win32
		{5713BC7E-EEC1-4CF0-A0D5-7D8382194F12}.Release|x64.ActiveCfg = Release|x64
		{5713BC7E-EEC1-4CF0-A0D5-7D8382194F12}.Release|x64.Build.0 = Release|x64
		{5713BC7E-EEC1-4CF0-A0D5-7D8382194F12}.Release|x86.ActiveCfg = Release|Win32
		{5713BC7E-EEC1-4CF0-A0D5-7D8382194F12}.Release|x86.Build.0 = Release|Win32
		{4A1077D4-3682-422F-AA80-08AC7083BFE8}.Debug|x64.ActiveCfg = Debug|x64
		{4A1077D4-3682-422F-AA80-08AC7083BFE8}.Debug|x64.Build.0 = Debug|x64
		{4A1077D4-3682-422F-AA80-08AC7083BFE8}.Debug|x86.ActiveCfg = Debug|Win32
		{4A1077D4-3682-422F-AA80-08AC7083BFE8}.Debug|x86.Build.0 = Debug|Win32
		{4A1077D4-3682-422F-AA80-08AC7083BFE8}.Release|x64.ActiveCfg = Release|x64
		{4A1077D4-3682-422F-AA80-08AC7083BFE8}.Release|x64.Build.0 = Release|x64
		{4A1077D4-3682-422F-AA80-08AC7083BFE8}.Release|x86.ActiveCfg = Release|Win32
		{4A1077D4-3682-422F-AA80-08AC7083BFE8}.Release|x86.Build.0 = Release|Win32
		{6BC27984-871C-49E2-89BB-0E111E15EE1C}.Debug|x64.ActiveCfg = Debug|x64
		{6BC27984-871C-49E2-89BB-0E111E15EE1C}.Debug|x64.Build.0 = Debug|x64
		{6BC27984-871C-49E2-89BB-0E111E15EE1C}.Debug|x86.ActiveCfg = Debug|Win32
		{6BC27984-871C-49E2-89BB-0E111E15EE1C}.Debug|x86.Build.0 = Debug|Win32
		{6BC27984-871C-49E2-89BB-0E111E15EE1C}.Release|x64.ActiveCfg = Release|x64
		{6BC27984-871C-49E2-89BB-0E111E15EE1C}.Release|x64.Build.0 = Release|x64
		{6BC27984-871C-49E2-89BB-0E111E15EE1C}.Release|x86.ActiveCfg = Release|Win32
		{6BC27984-871C-49E2-89BB-0E111E15EE1C}.Release|x86.Build.0 = Release|Win32
		{3BC116B7-1E43-452A-A1CD-0E8A07CE5C8F}.Debug|x64.ActiveCfg = Debug|x64
		{3BC116B7-1E43-452A-A1CD-0E8A07CE5C8F}.Debug|x64.Build.0 = Debug|x64
		{3BC116B7-1E43-452A-A1CD-0E8A07CE5C8F}.Debug|x86.ActiveCfg = Debug|Win32
		{3BC116B7-1E43-452A-A1CD-0E8A07CE5C8F}.Debug|x86.Build.0 = Debug|Win32
		{3BC116B7-1E43-452A-A1CD-0E8A07CE5C8F}.Release|x64.ActiveCfg = Release|x64
		{3BC116B7-1E43-452A-A1CD-0E8A07CE5C8F}.Release|x64.Build.0 = Release|x64
		{3BC116B7-1E43-452A-A1CD-0E8A07CE5C8F}.Release|x86.ActiveCfg = Release|Win32
		{3BC116B7-1E43-452A-A1CD-0E8A07CE5C8F}.Release|x86.Build.0 = Release|Win32
		{9E99597F-CC63-4CCE-B4E0-766F42A62B21}.Debug|x64.ActiveCfg = Debug|x64
		{9E99597F-CC63-4CCE-B4E0-766F42A62B21}.Debug|x64.Build.0 = Debug|x64
		{9E99597F-CC63-4CCE-B4E0-766F42A62B21}.Debug|x86.ActiveCfg = Debug|Win32
		{9E99597F-CC63-4CCE-B4E0-766F42A62B21}.Debug|x86.Build.0 = Debug|Win32
		{9E99597F-CC63-4CCE-B4E0-766F42A62B21}.Release|x64.ActiveCfg = Release|x64
		{9E99597F-CC63-4CCE-B4E0-766F42A62B21}.Release|x64.Build.0 = Release|x64
		{9E99597F-CC63-4CCE-B4E0-766F42A62B21}.Release|x86.ActiveCfg = Release|Win32
		{9E99597F-CC63-4CCE-B4E0-766F42A62B21}.Release|x86.Build.0 = Release|Win32
		{92AB37DD-0AD7-45E4-87BB-D1DDEFFD89C0}.Debug|x64.ActiveCfg = Debug|x64
		{92AB37DD-0AD7-45E4-87BB-D1DDEFFD89C0}.Debug|x64.Build.0 = Debug|x64
		{92AB37DD-0AD7-45E4-87BB-D1DDEFFD89C0}.Debug|x86.ActiveCfg = Debug|Win32
		{92AB37DD-0AD7-45E4-87BB-D1DDEFFD89C0}.Debug|x86.Build.0 = Debug|Win32
		{92AB37DD-0AD7-45E4-87BB-D1DDEFFD89C0}.Release|x64.ActiveCfg = Release|x64
		{92AB37DD-0AD7-45E4-87BB-D1DDEFFD89C0}.Release|x64.Build.0 = Release|x64
		{92AB37DD-0AD7-45E4-87BB-D1DDEFFD89C0}.Release|x86.ActiveCfg = Release|Win32
		{92AB37DD-0AD7-45E4-87BB-D1DDEFFD89C0}.Release|x86.Build.0 = Release|Win32
	EndGlobalSection
	GlobalSection(SolutionProperties) = preSolution
		HideSolutionNode = FALSE
	EndGlobalSection
	GlobalSection(ExtensibilityGlobals) = postSolution
		SolutionGuid = {4C4E48D0-0C1F-4C5B-9C90-E0299BBC3779}
	EndGlobalSection
EndGlobal
